
Microsoft Visual Studio Solution File, Format Version 12.00
# Visual Studio 15
VisualStudioVersion = 15.0.28010.2036
MinimumVisualStudioVersion = 10.0.40219.1
Project("{FAE04EC0-301F-11D3-BF4B-00C04F79EFBC}") = "GrandCircusLab11", "GrandCircusLab11\GrandCircusLab11.csproj", "{FE000875-FDD6-49FD-B714-42396217EE37}"
EndProject
Global
	GlobalSection(SolutionConfigurationPlatforms) = preSolution
		Debug|Any CPU = Debug|Any CPU
		Release|Any CPU = Release|Any CPU
	EndGlobalSection
	GlobalSection(ProjectConfigurationPlatforms) = postSolution
		{FE000875-FDD6-49FD-B714-42396217EE37}.Debug|Any CPU.ActiveCfg = Debug|Any CPU
		{FE000875-FDD6-49FD-B714-42396217EE37}.Debug|Any CPU.Build.0 = Debug|Any CPU
		{FE000875-FDD6-49FD-B714-42396217EE37}.Release|Any CPU.ActiveCfg = Release|Any CPU
		{FE000875-FDD6-49FD-B714-42396217EE37}.Release|Any CPU.Build.0 = Release|Any CPU
	EndGlobalSection
	GlobalSection(SolutionProperties) = preSolution
		HideSolutionNode = FALSE
	EndGlobalSection
	GlobalSection(ExtensibilityGlobals) = postSolution
		SolutionGuid = {B18B5DFF-32DD-4593-A103-2E71787F7A7B}
	EndGlobalSection
EndGlobal
